
Microsoft Visual Studio Solution File, Format Version 12.00
Project("{FAE04EC0-301F-11D3-BF4B-00C04F79EFBC}") = "API", "API\API.csproj", "{0D0A6F3F-48F5-4A82-B8F5-FDD4F2AF1D04}"
EndProject
Project("{FAE04EC0-301F-11D3-BF4B-00C04F79EFBC}") = "Application", "Application\Application.csproj", "{C7856CAB-5441-4630-B824-579DF06D6DB9}"
EndProject
Project("{FAE04EC0-301F-11D3-BF4B-00C04F79EFBC}") = "Core", "Core\Core.csproj", "{3C382D8D-2368-423D-B259-EB1048184FA3}"
EndProject
Project("{FAE04EC0-301F-11D3-BF4B-00C04F79EFBC}") = "Infrastructure", "Infrastructure\Infrastructure.csproj", "{31A2AB5D-693F-4AEC-8FCC-9332E791A08D}"
EndProject
Global
	GlobalSection(SolutionConfigurationPlatforms) = preSolution
		Debug|Any CPU = Debug|Any CPU
		Release|Any CPU = Release|Any CPU
	EndGlobalSection
	GlobalSection(ProjectConfigurationPlatforms) = postSolution
		{0D0A6F3F-48F5-4A82-B8F5-FDD4F2AF1D04}.Debug|Any CPU.ActiveCfg = Debug|Any CPU
		{0D0A6F3F-48F5-4A82-B8F5-FDD4F2AF1D04}.Debug|Any CPU.Build.0 = Debug|Any CPU
		{0D0A6F3F-48F5-4A82-B8F5-FDD4F2AF1D04}.Release|Any CPU.ActiveCfg = Release|Any CPU
		{0D0A6F3F-48F5-4A82-B8F5-FDD4F2AF1D04}.Release|Any CPU.Build.0 = Release|Any CPU
		{C7856CAB-5441-4630-B824-579DF06D6DB9}.Debug|Any CPU.ActiveCfg = Debug|Any CPU
		{C7856CAB-5441-4630-B824-579DF06D6DB9}.Debug|Any CPU.Build.0 = Debug|Any CPU
		{C7856CAB-5441-4630-B824-579DF06D6DB9}.Release|Any CPU.ActiveCfg = Release|Any CPU
		{C7856CAB-5441-4630-B824-579DF06D6DB9}.Release|Any CPU.Build.0 = Release|Any CPU
		{3C382D8D-2368-423D-B259-EB1048184FA3}.Debug|Any CPU.ActiveCfg = Debug|Any CPU
		{3C382D8D-2368-423D-B259-EB1048184FA3}.Debug|Any CPU.Build.0 = Debug|Any CPU
		{3C382D8D-2368-423D-B259-EB1048184FA3}.Release|Any CPU.ActiveCfg = Release|Any CPU
		{3C382D8D-2368-423D-B259-EB1048184FA3}.Release|Any CPU.Build.0 = Release|Any CPU
		{31A2AB5D-693F-4AEC-8FCC-9332E791A08D}.Debug|Any CPU.ActiveCfg = Debug|Any CPU
		{31A2AB5D-693F-4AEC-8FCC-9332E791A08D}.Debug|Any CPU.Build.0 = Debug|Any CPU
		{31A2AB5D-693F-4AEC-8FCC-9332E791A08D}.Release|Any CPU.ActiveCfg = Release|Any CPU
		{31A2AB5D-693F-4AEC-8FCC-9332E791A08D}.Release|Any CPU.Build.0 = Release|Any CPU
	EndGlobalSection
EndGlobal
